
Microsoft Visual Studio Solution File, Format Version 12.00
# Visual Studio Version 16
VisualStudioVersion = 16.0.32413.511
MinimumVisualStudioVersion = 10.0.40219.1
Project("{8BC9CEB8-8B4A-11D0-8D11-00A0C91BC942}") = "ImgClass3", "ImgClass3\ImgClass3.vcxproj", "{6A017B26-C6A0-4148-87F0-3600EF3D5D58}"
EndProject
Global
	GlobalSection(SolutionConfigurationPlatforms) = preSolution
		Debug|x64 = Debug|x64
		Debug|x86 = Debug|x86
		Release|x64 = Release|x64
		Release|x86 = Release|x86
	EndGlobalSection
	GlobalSection(ProjectConfigurationPlatforms) = postSolution
		{6A017B26-C6A0-4148-87F0-3600EF3D5D58}.Debug|x64.ActiveCfg = Debug|x64
		{6A017B26-C6A0-4148-87F0-3600EF3D5D58}.Debug|x64.Build.0 = Debug|x64
		{6A017B26-C6A0-4148-87F0-3600EF3D5D58}.Debug|x86.ActiveCfg = Debug|Win32
		{6A017B26-C6A0-4148-87F0-3600EF3D5D58}.Debug|x86.Build.0 = Debug|Win32
		{6A017B26-C6A0-4148-87F0-3600EF3D5D58}.Release|x64.ActiveCfg = Release|x64
		{6A017B26-C6A0-4148-87F0-3600EF3D5D58}.Release|x64.Build.0 = Release|x64
		{6A017B26-C6A0-4148-87F0-3600EF3D5D58}.Release|x86.ActiveCfg = Release|Win32
		{6A017B26-C6A0-4148-87F0-3600EF3D5D58}.Release|x86.Build.0 = Release|Win32
	EndGlobalSection
	GlobalSection(SolutionProperties) = preSolution
		HideSolutionNode = FALSE
	EndGlobalSection
	GlobalSection(ExtensibilityGlobals) = postSolution
		SolutionGuid = {5A295AFB-ABBD-4A37-A17E-7179F481A327}
	EndGlobalSection
EndGlobal
